// !$*UTF8*$!
{
	archiveVersion = 1;
	classes = {
	};
	objectVersion = 50;
	objects = {

/* Begin PBXBuildFile section */
		04E7BB4B26BFD18C001316A0 /* AppDelegate.swift in Sources */ = {isa = PBXBuildFile; fileRef = 04E7BB4A26BFD18C001316A0 /* AppDelegate.swift */; };
		04E7BB4D26BFD18C001316A0 /* SceneDelegate.swift in Sources */ = {isa = PBXBuildFile; fileRef = 04E7BB4C26BFD18C001316A0 /* SceneDelegate.swift */; };
		04E7BB4F26BFD18C001316A0 /* ViewController.swift in Sources */ = {isa = PBXBuildFile; fileRef = 04E7BB4E26BFD18C001316A0 /* ViewController.swift */; };
		04E7BB5226BFD18C001316A0 /* Main.storyboard in Resources */ = {isa = PBXBuildFile; fileRef = 04E7BB5026BFD18C001316A0 /* Main.storyboard */; };
		04E7BB5426BFD1B1001316A0 /* Assets.xcassets in Resources */ = {isa = PBXBuildFile; fileRef = 04E7BB5326BFD1B1001316A0 /* Assets.xcassets */; };
		04E7BB5726BFD1B1001316A0 /* LaunchScreen.storyboard in Resources */ = {isa = PBXBuildFile; fileRef = 04E7BB5526BFD1B1001316A0 /* LaunchScreen.storyboard */; };
		04E7BB6D26BFD1B2001316A0 /* TDD_project_Unit_TestUITests.swift in Sources */ = {isa = PBXBuildFile; fileRef = 04E7BB6C26BFD1B2001316A0 /* TDD_project_Unit_TestUITests.swift */; };
		04E7BB7D26BFEC10001316A0 /* SignFormModelValidatorTests.swift in Sources */ = {isa = PBXBuildFile; fileRef = 04E7BB7C26BFEC10001316A0 /* SignFormModelValidatorTests.swift */; };
		04E7BB7F26BFEECF001316A0 /* SignupFormModelValidator.swift in Sources */ = {isa = PBXBuildFile; fileRef = 04E7BB7E26BFEECF001316A0 /* SignupFormModelValidator.swift */; };
/* End PBXBuildFile section */

/* Begin PBXContainerItemProxy section */
		04E7BB5E26BFD1B2001316A0 /* PBXContainerItemProxy */ = {
			isa = PBXContainerItemProxy;
			containerPortal = 04E7BB3F26BFD18C001316A0 /* Project object */;
			proxyType = 1;
			remoteGlobalIDString = 04E7BB4626BFD18C001316A0;
			remoteInfo = "TDD project Unit Test";
		};
		04E7BB6926BFD1B2001316A0 /* PBXContainerItemProxy */ = {
			isa = PBXContainerItemProxy;
			containerPortal = 04E7BB3F26BFD18C001316A0 /* Project object */;
			proxyType = 1;
			remoteGlobalIDString = 04E7BB4626BFD18C001316A0;
			remoteInfo = "TDD project Unit Test";
		};
/* End PBXContainerItemProxy section */

/* Begin PBXFileReference section */
		04E7BB4726BFD18C001316A0 /* TDD project Unit Test.app */ = {isa = PBXFileReference; explicitFileType = wrapper.application; includeInIndex = 0; path = "TDD project Unit Test.app"; sourceTree = BUILT_PRODUCTS_DIR; };
		04E7BB4A26BFD18C001316A0 /* AppDelegate.swift */ = {isa = PBXFileReference; lastKnownFileType = sourcecode.swift; path = AppDelegate.swift; sourceTree = "<group>"; };
		04E7BB4C26BFD18C001316A0 /* SceneDelegate.swift */ = {isa = PBXFileReference; lastKnownFileType = sourcecode.swift; path = SceneDelegate.swift; sourceTree = "<group>"; };
		04E7BB4E26BFD18C001316A0 /* ViewController.swift */ = {isa = PBXFileReference; lastKnownFileType = sourcecode.swift; path = ViewController.swift; sourceTree = "<group>"; };
		04E7BB5126BFD18C001316A0 /* Base */ = {isa = PBXFileReference; lastKnownFileType = file.storyboard; name = Base; path = Base.lproj/Main.storyboard; sourceTree = "<group>"; };
		04E7BB5326BFD1B1001316A0 /* Assets.xcassets */ = {isa = PBXFileReference; lastKnownFileType = folder.assetcatalog; path = Assets.xcassets; sourceTree = "<group>"; };
		04E7BB5626BFD1B1001316A0 /* Base */ = {isa = PBXFileReference; lastKnownFileType = file.storyboard; name = Base; path = Base.lproj/LaunchScreen.storyboard; sourceTree = "<group>"; };
		04E7BB5826BFD1B1001316A0 /* Info.plist */ = {isa = PBXFileReference; lastKnownFileType = text.plist.xml; path = Info.plist; sourceTree = "<group>"; };
		04E7BB5D26BFD1B2001316A0 /* TDD project Unit TestTests.xctest */ = {isa = PBXFileReference; explicitFileType = wrapper.cfbundle; includeInIndex = 0; path = "TDD project Unit TestTests.xctest"; sourceTree = BUILT_PRODUCTS_DIR; };
		04E7BB6326BFD1B2001316A0 /* Info.plist */ = {isa = PBXFileReference; lastKnownFileType = text.plist.xml; path = Info.plist; sourceTree = "<group>"; };
		04E7BB6826BFD1B2001316A0 /* TDD project Unit TestUITests.xctest */ = {isa = PBXFileReference; explicitFileType = wrapper.cfbundle; includeInIndex = 0; path = "TDD project Unit TestUITests.xctest"; sourceTree = BUILT_PRODUCTS_DIR; };
		04E7BB6C26BFD1B2001316A0 /* TDD_project_Unit_TestUITests.swift */ = {isa = PBXFileReference; lastKnownFileType = sourcecode.swift; path = TDD_project_Unit_TestUITests.swift; sourceTree = "<group>"; };
		04E7BB6E26BFD1B2001316A0 /* Info.plist */ = {isa = PBXFileReference; lastKnownFileType = text.plist.xml; path = Info.plist; sourceTree = "<group>"; };
		04E7BB7C26BFEC10001316A0 /* SignFormModelValidatorTests.swift */ = {isa = PBXFileReference; lastKnownFileType = sourcecode.swift; path = SignFormModelValidatorTests.swift; sourceTree = "<group>"; };
		04E7BB7E26BFEECF001316A0 /* SignupFormModelValidator.swift */ = {isa = PBXFileReference; lastKnownFileType = sourcecode.swift; path = SignupFormModelValidator.swift; sourceTree = "<group>"; };
/* End PBXFileReference section */

/* Begin PBXFrameworksBuildPhase section */
		04E7BB4426BFD18C001316A0 /* Frameworks */ = {
			isa = PBXFrameworksBuildPhase;
			buildActionMask = 2147483647;
			files = (
			);
			runOnlyForDeploymentPostprocessing = 0;
		};
		04E7BB5A26BFD1B2001316A0 /* Frameworks */ = {
			isa = PBXFrameworksBuildPhase;
			buildActionMask = 2147483647;
			files = (
			);
			runOnlyForDeploymentPostprocessing = 0;
		};
		04E7BB6526BFD1B2001316A0 /* Frameworks */ = {
			isa = PBXFrameworksBuildPhase;
			buildActionMask = 2147483647;
			files = (
			);
			runOnlyForDeploymentPostprocessing = 0;
		};
/* End PBXFrameworksBuildPhase section */

/* Begin PBXGroup section */
		04E7BB3E26BFD18C001316A0 = {
			isa = PBXGroup;
			children = (
				04E7BB4926BFD18C001316A0 /* TDD project Unit Test */,
				04E7BB6026BFD1B2001316A0 /* TDD project Unit TestTests */,
				04E7BB6B26BFD1B2001316A0 /* TDD project Unit TestUITests */,
				04E7BB4826BFD18C001316A0 /* Products */,
			);
			sourceTree = "<group>";
		};
		04E7BB4826BFD18C001316A0 /* Products */ = {
			isa = PBXGroup;
			children = (
				04E7BB4726BFD18C001316A0 /* TDD project Unit Test.app */,
				04E7BB5D26BFD1B2001316A0 /* TDD project Unit TestTests.xctest */,
				04E7BB6826BFD1B2001316A0 /* TDD project Unit TestUITests.xctest */,
			);
			name = Products;
			sourceTree = "<group>";
		};
		04E7BB4926BFD18C001316A0 /* TDD project Unit Test */ = {
			isa = PBXGroup;
			children = (
				04E7BB4A26BFD18C001316A0 /* AppDelegate.swift */,
				04E7BB4C26BFD18C001316A0 /* SceneDelegate.swift */,
				04E7BB4E26BFD18C001316A0 /* ViewController.swift */,
				04E7BB5026BFD18C001316A0 /* Main.storyboard */,
				04E7BB5326BFD1B1001316A0 /* Assets.xcassets */,
				04E7BB5526BFD1B1001316A0 /* LaunchScreen.storyboard */,
				04E7BB5826BFD1B1001316A0 /* Info.plist */,
				04E7BB7E26BFEECF001316A0 /* SignupFormModelValidator.swift */,
			);
			path = "TDD project Unit Test";
			sourceTree = "<group>";
		};
		04E7BB6026BFD1B2001316A0 /* TDD project Unit TestTests */ = {
			isa = PBXGroup;
			children = (
				04E7BB6326BFD1B2001316A0 /* Info.plist */,
				04E7BB7C26BFEC10001316A0 /* SignFormModelValidatorTests.swift */,
			);
			path = "TDD project Unit TestTests";
			sourceTree = "<group>";
		};
		04E7BB6B26BFD1B2001316A0 /* TDD project Unit TestUITests */ = {
			isa = PBXGroup;
			children = (
				04E7BB6C26BFD1B2001316A0 /* TDD_project_Unit_TestUITests.swift */,
				04E7BB6E26BFD1B2001316A0 /* Info.plist */,
			);
			path = "TDD project Unit TestUITests";
			sourceTree = "<group>";
		};
/* End PBXGroup section */

/* Begin PBXNativeTarget section */
		04E7BB4626BFD18C001316A0 /* TDD project Unit Test */ = {
			isa = PBXNativeTarget;
			buildConfigurationList = 04E7BB7126BFD1B2001316A0 /* Build configuration list for PBXNativeTarget "TDD project Unit Test" */;
			buildPhases = (
				04E7BB4326BFD18C001316A0 /* Sources */,
				04E7BB4426BFD18C001316A0 /* Frameworks */,
				04E7BB4526BFD18C001316A0 /* Resources */,
			);
			buildRules = (
			);
			dependencies = (
			);
			name = "TDD project Unit Test";
			productName = "TDD project Unit Test";
			productReference = 04E7BB4726BFD18C001316A0 /* TDD project Unit Test.app */;
			productType = "com.apple.product-type.application";
		};
		04E7BB5C26BFD1B2001316A0 /* TDD project Unit TestTests */ = {
			isa = PBXNativeTarget;
			buildConfigurationList = 04E7BB7426BFD1B2001316A0 /* Build configuration list for PBXNativeTarget "TDD project Unit TestTests" */;
			buildPhases = (
				04E7BB5926BFD1B2001316A0 /* Sources */,
				04E7BB5A26BFD1B2001316A0 /* Frameworks */,
				04E7BB5B26BFD1B2001316A0 /* Resources */,
			);
			buildRules = (
			);
			dependencies = (
				04E7BB5F26BFD1B2001316A0 /* PBXTargetDependency */,
			);
			name = "TDD project Unit TestTests";
			productName = "TDD project Unit TestTests";
			productReference = 04E7BB5D26BFD1B2001316A0 /* TDD project Unit TestTests.xctest */;
			productType = "com.apple.product-type.bundle.unit-test";
		};
		04E7BB6726BFD1B2001316A0 /* TDD project Unit TestUITests */ = {
			isa = PBXNativeTarget;
			buildConfigurationList = 04E7BB7726BFD1B2001316A0 /* Build configuration list for PBXNativeTarget "TDD project Unit TestUITests" */;
			buildPhases = (
				04E7BB6426BFD1B2001316A0 /* Sources */,
				04E7BB6526BFD1B2001316A0 /* Frameworks */,
				04E7BB6626BFD1B2001316A0 /* Resources */,
			);
			buildRules = (
			);
			dependencies = (
				04E7BB6A26BFD1B2001316A0 /* PBXTargetDependency */,
			);
			name = "TDD project Unit TestUITests";
			productName = "TDD project Unit TestUITests";
			productReference = 04E7BB6826BFD1B2001316A0 /* TDD project Unit TestUITests.xctest */;
			productType = "com.apple.product-type.bundle.ui-testing";
		};
/* End PBXNativeTarget section */

/* Begin PBXProject section */
		04E7BB3F26BFD18C001316A0 /* Project object */ = {
			isa = PBXProject;
			attributes = {
				LastSwiftUpdateCheck = 1250;
				LastUpgradeCheck = 1250;
				TargetAttributes = {
					04E7BB4626BFD18C001316A0 = {
						CreatedOnToolsVersion = 12.5.1;
					};
					04E7BB5C26BFD1B2001316A0 = {
						CreatedOnToolsVersion = 12.5.1;
						LastSwiftMigration = 1250;
						TestTargetID = 04E7BB4626BFD18C001316A0;
					};
					04E7BB6726BFD1B2001316A0 = {
						CreatedOnToolsVersion = 12.5.1;
						TestTargetID = 04E7BB4626BFD18C001316A0;
					};
				};
			};
			buildConfigurationList = 04E7BB4226BFD18C001316A0 /* Build configuration list for PBXProject "TDD project Unit Test" */;
			compatibilityVersion = "Xcode 9.3";
			developmentRegion = en;
			hasScannedForEncodings = 0;
			knownRegions = (
				en,
				Base,
			);
			mainGroup = 04E7BB3E26BFD18C001316A0;
			productRefGroup = 04E7BB4826BFD18C001316A0 /* Products */;
			projectDirPath = "";
			projectRoot = "";
			targets = (
				04E7BB4626BFD18C001316A0 /* TDD project Unit Test */,
				04E7BB5C26BFD1B2001316A0 /* TDD project Unit TestTests */,
				04E7BB6726BFD1B2001316A0 /* TDD project Unit TestUITests */,
			);
		};
/* End PBXProject section */

/* Begin PBXResourcesBuildPhase section */
		04E7BB4526BFD18C001316A0 /* Resources */ = {
			isa = PBXResourcesBuildPhase;
			buildActionMask = 2147483647;
			files = (
				04E7BB5726BFD1B1001316A0 /* LaunchScreen.storyboard in Resources */,
				04E7BB5426BFD1B1001316A0 /* Assets.xcassets in Resources */,
				04E7BB5226BFD18C001316A0 /* Main.storyboard in Resources */,
			);
			runOnlyForDeploymentPostprocessing = 0;
		};
		04E7BB5B26BFD1B2001316A0 /* Resources */ = {
			isa = PBXResourcesBuildPhase;
			buildActionMask = 2147483647;
			files = (
			);
			runOnlyForDeploymentPostprocessing = 0;
		};
		04E7BB6626BFD1B2001316A0 /* Resources */ = {
			isa = PBXResourcesBuildPhase;
			buildActionMask = 2147483647;
			files = (
			);
			runOnlyForDeploymentPostprocessing = 0;
		};
/* End PBXResourcesBuildPhase section */

/* Begin PBXSourcesBuildPhase section */
		04E7BB4326BFD18C001316A0 /* Sources */ = {
			isa = PBXSourcesBuildPhase;
			buildActionMask = 2147483647;
			files = (
				04E7BB4F26BFD18C001316A0 /* ViewController.swift in Sources */,
				04E7BB4B26BFD18C001316A0 /* AppDelegate.swift in Sources */,
				04E7BB7F26BFEECF001316A0 /* SignupFormModelValidator.swift in Sources */,
				04E7BB4D26BFD18C001316A0 /* SceneDelegate.swift in Sources */,
			);
			runOnlyForDeploymentPostprocessing = 0;
		};
		04E7BB5926BFD1B2001316A0 /* Sources */ = {
			isa = PBXSourcesBuildPhase;
			buildActionMask = 2147483647;
			files = (
				04E7BB7D26BFEC10001316A0 /* SignFormModelValidatorTests.swift in Sources */,
			);
			runOnlyForDeploymentPostprocessing = 0;
		};
		04E7BB6426BFD1B2001316A0 /* Sources */ = {
			isa = PBXSourcesBuildPhase;
			buildActionMask = 2147483647;
			files = (
				04E7BB6D26BFD1B2001316A0 /* TDD_project_Unit_TestUITests.swift in Sources */,
			);
			runOnlyForDeploymentPostprocessing = 0;
		};
/* End PBXSourcesBuildPhase section */

/* Begin PBXTargetDependency section */
		04E7BB5F26BFD1B2001316A0 /* PBXTargetDependency */ = {
			isa = PBXTargetDependency;
			target = 04E7BB4626BFD18C001316A0 /* TDD project Unit Test */;
			targetProxy = 04E7BB5E26BFD1B2001316A0 /* PBXContainerItemProxy */;
		};
		04E7BB6A26BFD1B2001316A0 /* PBXTargetDependency */ = {
			isa = PBXTargetDependency;
			target = 04E7BB4626BFD18C001316A0 /* TDD project Unit Test */;
			targetProxy = 04E7BB6926BFD1B2001316A0 /* PBXContainerItemProxy */;
		};
/* End PBXTargetDependency section */

/* Begin PBXVariantGroup section */
		04E7BB5026BFD18C001316A0 /* Main.storyboard */ = {
			isa = PBXVariantGroup;
			children = (
				04E7BB5126BFD18C001316A0 /* Base */,
			);
			name = Main.storyboard;
			sourceTree = "<group>";
		};
		04E7BB5526BFD1B1001316A0 /* LaunchScreen.storyboard */ = {
			isa = PBXVariantGroup;
			children = (
				04E7BB5626BFD1B1001316A0 /* Base */,
			);
			name = LaunchScreen.storyboard;
			sourceTree = "<group>";
		};
/* End PBXVariantGroup section */

/* Begin XCBuildConfiguration section */
		04E7BB6F26BFD1B2001316A0 /* Debug */ = {
			isa = XCBuildConfiguration;
			buildSettings = {
				ALWAYS_SEARCH_USER_PATHS = NO;
				CLANG_ANALYZER_NONNULL = YES;
				CLANG_ANALYZER_NUMBER_OBJECT_CONVERSION = YES_AGGRESSIVE;
				CLANG_CXX_LANGUAGE_STANDARD = "gnu++14";
				CLANG_CXX_LIBRARY = "libc++";
				CLANG_ENABLE_MODULES = YES;
				CLANG_ENABLE_OBJC_ARC = YES;
				CLANG_ENABLE_OBJC_WEAK = YES;
				CLANG_WARN_BLOCK_CAPTURE_AUTORELEASING = YES;
				CLANG_WARN_BOOL_CONVERSION = YES;
				CLANG_WARN_COMMA = YES;
				CLANG_WARN_CONSTANT_CONVERSION = YES;
				CLANG_WARN_DEPRECATED_OBJC_IMPLEMENTATIONS = YES;
				CLANG_WARN_DIRECT_OBJC_ISA_USAGE = YES_ERROR;
				CLANG_WARN_DOCUMENTATION_COMMENTS = YES;
				CLANG_WARN_EMPTY_BODY = YES;
				CLANG_WARN_ENUM_CONVERSION = YES;
				CLANG_WARN_INFINITE_RECURSION = YES;
				CLANG_WARN_INT_CONVERSION = YES;
				CLANG_WARN_NON_LITERAL_NULL_CONVERSION = YES;
				CLANG_WARN_OBJC_IMPLICIT_RETAIN_SELF = YES;
				CLANG_WARN_OBJC_LITERAL_CONVERSION = YES;
				CLANG_WARN_OBJC_ROOT_CLASS = YES_ERROR;
				CLANG_WARN_QUOTED_INCLUDE_IN_FRAMEWORK_HEADER = YES;
				CLANG_WARN_RANGE_LOOP_ANALYSIS = YES;
				CLANG_WARN_STRICT_PROTOTYPES = YES;
				CLANG_WARN_SUSPICIOUS_MOVE = YES;
				CLANG_WARN_UNGUARDED_AVAILABILITY = YES_AGGRESSIVE;
				CLANG_WARN_UNREACHABLE_CODE = YES;
				CLANG_WARN__DUPLICATE_METHOD_MATCH = YES;
				COPY_PHASE_STRIP = NO;
				DEBUG_INFORMATION_FORMAT = dwarf;
				ENABLE_STRICT_OBJC_MSGSEND = YES;
				ENABLE_TESTABILITY = YES;
				GCC_C_LANGUAGE_STANDARD = gnu11;
				GCC_DYNAMIC_NO_PIC = NO;
				GCC_NO_COMMON_BLOCKS = YES;
				GCC_OPTIMIZATION_LEVEL = 0;
				GCC_PREPROCESSOR_DEFINITIONS = (
					"DEBUG=1",
					"$(inherited)",
				);
				GCC_WARN_64_TO_32_BIT_CONVERSION = YES;
				GCC_WARN_ABOUT_RETURN_TYPE = YES_ERROR;
				GCC_WARN_UNDECLARED_SELECTOR = YES;
				GCC_WARN_UNINITIALIZED_AUTOS = YES_AGGRESSIVE;
				GCC_WARN_UNUSED_FUNCTION = YES;
				GCC_WARN_UNUSED_VARIABLE = YES;
				IPHONEOS_DEPLOYMENT_TARGET = 14.5;
				MTL_ENABLE_DEBUG_INFO = INCLUDE_SOURCE;
				MTL_FAST_MATH = YES;
				ONLY_ACTIVE_ARCH = YES;
				SDKROOT = iphoneos;
				SWIFT_ACTIVE_COMPILATION_CONDITIONS = DEBUG;
				SWIFT_OPTIMIZATION_LEVEL = "-Onone";
			};
			name = Debug;
		};
		04E7BB7026BFD1B2001316A0 /* Release */ = {
			isa = XCBuildConfiguration;
			buildSettings = {
				ALWAYS_SEARCH_USER_PATHS = NO;
				CLANG_ANALYZER_NONNULL = YES;
				CLANG_ANALYZER_NUMBER_OBJECT_CONVERSION = YES_AGGRESSIVE;
				CLANG_CXX_LANGUAGE_STANDARD = "gnu++14";
				CLANG_CXX_LIBRARY = "libc++";
				CLANG_ENABLE_MODULES = YES;
				CLANG_ENABLE_OBJC_ARC = YES;
				CLANG_ENABLE_OBJC_WEAK = YES;
				CLANG_WARN_BLOCK_CAPTURE_AUTORELEASING = YES;
				CLANG_WARN_BOOL_CONVERSION = YES;
				CLANG_WARN_COMMA = YES;
				CLANG_WARN_CONSTANT_CONVERSION = YES;
				CLANG_WARN_DEPRECATED_OBJC_IMPLEMENTATIONS = YES;
				CLANG_WARN_DIRECT_OBJC_ISA_USAGE = YES_ERROR;
				CLANG_WARN_DOCUMENTATION_COMMENTS = YES;
				CLANG_WARN_EMPTY_BODY = YES;
				CLANG_WARN_ENUM_CONVERSION = YES;
				CLANG_WARN_INFINITE_RECURSION = YES;
				CLANG_WARN_INT_CONVERSION = YES;
				CLANG_WARN_NON_LITERAL_NULL_CONVERSION = YES;
				CLANG_WARN_OBJC_IMPLICIT_RETAIN_SELF = YES;
				CLANG_WARN_OBJC_LITERAL_CONVERSION = YES;
				CLANG_WARN_OBJC_ROOT_CLASS = YES_ERROR;
				CLANG_WARN_QUOTED_INCLUDE_IN_FRAMEWORK_HEADER = YES;
				CLANG_WARN_RANGE_LOOP_ANALYSIS = YES;
				CLANG_WARN_STRICT_PROTOTYPES = YES;
				CLANG_WARN_SUSPICIOUS_MOVE = YES;
				CLANG_WARN_UNGUARDED_AVAILABILITY = YES_AGGRESSIVE;
				CLANG_WARN_UNREACHABLE_CODE = YES;
				CLANG_WARN__DUPLICATE_METHOD_MATCH = YES;
				COPY_PHASE_STRIP = NO;
				DEBUG_INFORMATION_FORMAT = "dwarf-with-dsym";
				ENABLE_NS_ASSERTIONS = NO;
				ENABLE_STRICT_OBJC_MSGSEND = YES;
				GCC_C_LANGUAGE_STANDARD = gnu11;
				GCC_NO_COMMON_BLOCKS = YES;
				GCC_WARN_64_TO_32_BIT_CONVERSION = YES;
				GCC_WARN_ABOUT_RETURN_TYPE = YES_ERROR;
				GCC_WARN_UNDECLARED_SELECTOR = YES;
				GCC_WARN_UNINITIALIZED_AUTOS = YES_AGGRESSIVE;
				GCC_WARN_UNUSED_FUNCTION = YES;
				GCC_WARN_UNUSED_VARIABLE = YES;
				IPHONEOS_DEPLOYMENT_TARGET = 14.5;
				MTL_ENABLE_DEBUG_INFO = NO;
				MTL_FAST_MATH = YES;
				SDKROOT = iphoneos;
				SWIFT_COMPILATION_MODE = wholemodule;
				SWIFT_OPTIMIZATION_LEVEL = "-O";
				VALIDATE_PRODUCT = YES;
			};
			name = Release;
		};
		04E7BB7226BFD1B2001316A0 /* Debug */ = {
			isa = XCBuildConfiguration;
			buildSettings = {
				ASSETCATALOG_COMPILER_APPICON_NAME = AppIcon;
				ASSETCATALOG_COMPILER_GLOBAL_ACCENT_COLOR_NAME = AccentColor;
				CODE_SIGN_STYLE = Automatic;
				DEVELOPMENT_TEAM = WT77VV47BZ;
				INFOPLIST_FILE = "TDD project Unit Test/Info.plist";
				LD_RUNPATH_SEARCH_PATHS = (
					"$(inherited)",
					"@executable_path/Frameworks",
				);
				PRODUCT_BUNDLE_IDENTIFIER = "com.tony-kara.TDD-project-Unit-Test";
				PRODUCT_NAME = "$(TARGET_NAME)";
				SWIFT_VERSION = 5.0;
				TARGETED_DEVICE_FAMILY = "1,2";
			};
			name = Debug;
		};
		04E7BB7326BFD1B2001316A0 /* Release */ = {
			isa = XCBuildConfiguration;
			buildSettings = {
				ASSETCATALOG_COMPILER_APPICON_NAME = AppIcon;
				ASSETCATALOG_COMPILER_GLOBAL_ACCENT_COLOR_NAME = AccentColor;
				CODE_SIGN_STYLE = Automatic;
				DEVELOPMENT_TEAM = WT77VV47BZ;
				INFOPLIST_FILE = "TDD project Unit Test/Info.plist";
				LD_RUNPATH_SEARCH_PATHS = (
					"$(inherited)",
					"@executable_path/Frameworks",
				);
				PRODUCT_BUNDLE_IDENTIFIER = "com.tony-kara.TDD-project-Unit-Test";
				PRODUCT_NAME = "$(TARGET_NAME)";
				SWIFT_VERSION = 5.0;
				TARGETED_DEVICE_FAMILY = "1,2";
			};
			name = Release;
		};
		04E7BB7526BFD1B2001316A0 /* Debug */ = {
			isa = XCBuildConfiguration;
			buildSettings = {
				ALWAYS_EMBED_SWIFT_STANDARD_LIBRARIES = YES;
				BUNDLE_LOADER = "$(TEST_HOST)";
				CLANG_ENABLE_MODULES = YES;
				CODE_SIGN_STYLE = Automatic;
				DEVELOPMENT_TEAM = WT77VV47BZ;
				INFOPLIST_FILE = "TDD project Unit TestTests/Info.plist";
				IPHONEOS_DEPLOYMENT_TARGET = 14.5;
				LD_RUNPATH_SEARCH_PATHS = (
					"$(inherited)",
					"@executable_path/Frameworks",
					"@loader_path/Frameworks",
				);
				PRODUCT_BUNDLE_IDENTIFIER = "com.tony-kara.TDD-project-Unit-TestTests";
				PRODUCT_NAME = "$(TARGET_NAME)";
				SWIFT_OPTIMIZATION_LEVEL = "-Onone";
				SWIFT_VERSION = 5.0;
				TARGETED_DEVICE_FAMILY = "1,2";
				TEST_HOST = "$(BUILT_PRODUCTS_DIR)/TDD project Unit Test.app/TDD project Unit Test";
			};
			name = Debug;
		};
		04E7BB7626BFD1B2001316A0 /* Release */ = {
			isa = XCBuildConfiguration;
			buildSettings = {
				ALWAYS_EMBED_SWIFT_STANDARD_LIBRARIES = YES;
				BUNDLE_LOADER = "$(TEST_HOST)";
				CLANG_ENABLE_MODULES = YES;
				CODE_SIGN_STYLE = Automatic;
				DEVELOPMENT_TEAM = WT77VV47BZ;
				INFOPLIST_FILE = "TDD project Unit TestTests/Info.plist";
				IPHONEOS_DEPLOYMENT_TARGET = 14.5;
				LD_RUNPATH_SEARCH_PATHS = (
					"$(inherited)",
					"@executable_path/Frameworks",
					"@loader_path/Frameworks",
				);
				PRODUCT_BUNDLE_IDENTIFIER = "com.tony-kara.TDD-project-Unit-TestTests";
				PRODUCT_NAME = "$(TARGET_NAME)";
				SWIFT_VERSION = 5.0;
				TARGETED_DEVICE_FAMILY = "1,2";
				TEST_HOST = "$(BUILT_PRODUCTS_DIR)/TDD project Unit Test.app/TDD project Unit Test";
			};
			name = Release;
		};
		04E7BB7826BFD1B2001316A0 /* Debug */ = {
			isa = XCBuildConfiguration;
			buildSettings = {
				ALWAYS_EMBED_SWIFT_STANDARD_LIBRARIES = YES;
				CODE_SIGN_STYLE = Automatic;
				DEVELOPMENT_TEAM = WT77VV47BZ;
				INFOPLIST_FILE = "TDD project Unit TestUITests/Info.plist";
				LD_RUNPATH_SEARCH_PATHS = (
					"$(inherited)",
					"@executable_path/Frameworks",
					"@loader_path/Frameworks",
				);
				PRODUCT_BUNDLE_IDENTIFIER = "com.tony-kara.TDD-project-Unit-TestUITests";
				PRODUCT_NAME = "$(TARGET_NAME)";
				SWIFT_VERSION = 5.0;
				TARGETED_DEVICE_FAMILY = "1,2";
				TEST_TARGET_NAME = "TDD project Unit Test";
			};
			name = Debug;
		};
		04E7BB7926BFD1B2001316A0 /* Release */ = {
			isa = XCBuildConfiguration;
			buildSettings = {
				ALWAYS_EMBED_SWIFT_STANDARD_LIBRARIES = YES;
				CODE_SIGN_STYLE = Automatic;
				DEVELOPMENT_TEAM = WT77VV47BZ;
				INFOPLIST_FILE = "TDD project Unit TestUITests/Info.plist";
				LD_RUNPATH_SEARCH_PATHS = (
					"$(inherited)",
					"@executable_path/Frameworks",
					"@loader_path/Frameworks",
				);
				PRODUCT_BUNDLE_IDENTIFIER = "com.tony-kara.TDD-project-Unit-TestUITests";
				PRODUCT_NAME = "$(TARGET_NAME)";
				SWIFT_VERSION = 5.0;
				TARGETED_DEVICE_FAMILY = "1,2";
				TEST_TARGET_NAME = "TDD project Unit Test";
			};
			name = Release;
		};
/* End XCBuildConfiguration section */

/* Begin XCConfigurationList section */
		04E7BB4226BFD18C001316A0 /* Build configuration list for PBXProject "TDD project Unit Test" */ = {
			isa = XCConfigurationList;
			buildConfigurations = (
				04E7BB6F26BFD1B2001316A0 /* Debug */,
				04E7BB7026BFD1B2001316A0 /* Release */,
			);
			defaultConfigurationIsVisible = 0;
			defaultConfigurationName = Release;
		};
		04E7BB7126BFD1B2001316A0 /* Build configuration list for PBXNativeTarget "TDD project Unit Test" */ = {
			isa = XCConfigurationList;
			buildConfigurations = (
				04E7BB7226BFD1B2001316A0 /* Debug */,
				04E7BB7326BFD1B2001316A0 /* Release */,
			);
			defaultConfigurationIsVisible = 0;
			defaultConfigurationName = Release;
		};
		04E7BB7426BFD1B2001316A0 /* Build configuration list for PBXNativeTarget "TDD project Unit TestTests" */ = {
			isa = XCConfigurationList;
			buildConfigurations = (
				04E7BB7526BFD1B2001316A0 /* Debug */,
				04E7BB7626BFD1B2001316A0 /* Release */,
			);
			defaultConfigurationIsVisible = 0;
			defaultConfigurationName = Release;
		};
		04E7BB7726BFD1B2001316A0 /* Build configuration list for PBXNativeTarget "TDD project Unit TestUITests" */ = {
			isa = XCConfigurationList;
			buildConfigurations = (
				04E7BB7826BFD1B2001316A0 /* Debug */,
				04E7BB7926BFD1B2001316A0 /* Release */,
			);
			defaultConfigurationIsVisible = 0;
			defaultConfigurationName = Release;
		};
/* End XCConfigurationList section */
	};
	rootObject = 04E7BB3F26BFD18C001316A0 /* Project object */;
}
